
Microsoft Visual Studio Solution File, Format Version 12.00
# Visual Studio Version 16
VisualStudioVersion = 16.0.31410.357
MinimumVisualStudioVersion = 10.0.40219.1
Project("{FAE04EC0-301F-11D3-BF4B-00C04F79EFBC}") = "TennisGames", "TennisGames.csproj", "{6BC468C2-B707-4382-88A9-AC888015EC39}"
EndProject
Global
	GlobalSection(SolutionConfigurationPlatforms) = preSolution
		Debug|Any CPU = Debug|Any CPU
		Release|Any CPU = Release|Any CPU
	EndGlobalSection
	GlobalSection(ProjectConfigurationPlatforms) = postSolution
		{6BC468C2-B707-4382-88A9-AC888015EC39}.Debug|Any CPU.ActiveCfg = Debug|Any CPU
		{6BC468C2-B707-4382-88A9-AC888015EC39}.Debug|Any CPU.Build.0 = Debug|Any CPU
		{6BC468C2-B707-4382-88A9-AC888015EC39}.Release|Any CPU.ActiveCfg = Release|Any CPU
		{6BC468C2-B707-4382-88A9-AC888015EC39}.Release|Any CPU.Build.0 = Release|Any CPU
	EndGlobalSection
	GlobalSection(SolutionProperties) = preSolution
		HideSolutionNode = FALSE
	EndGlobalSection
	GlobalSection(ExtensibilityGlobals) = postSolution
		SolutionGuid = {84DDD933-32A5-48D8-A1A0-5FC330BF6B48}
	EndGlobalSection
EndGlobal
