
Microsoft Visual Studio Solution File, Format Version 12.00
# Visual Studio Version 16
VisualStudioVersion = 16.0.31410.357
MinimumVisualStudioVersion = 10.0.40219.1
Project("{FAE04EC0-301F-11D3-BF4B-00C04F79EFBC}") = "SibalaGame", "SibalaGame.csproj", "{EAA30B5E-DE36-4504-8177-A673D155B2E8}"
EndProject
Global
	GlobalSection(SolutionConfigurationPlatforms) = preSolution
		Debug|Any CPU = Debug|Any CPU
		Release|Any CPU = Release|Any CPU
	EndGlobalSection
	GlobalSection(ProjectConfigurationPlatforms) = postSolution
		{EAA30B5E-DE36-4504-8177-A673D155B2E8}.Debug|Any CPU.ActiveCfg = Debug|Any CPU
		{EAA30B5E-DE36-4504-8177-A673D155B2E8}.Debug|Any CPU.Build.0 = Debug|Any CPU
		{EAA30B5E-DE36-4504-8177-A673D155B2E8}.Release|Any CPU.ActiveCfg = Release|Any CPU
		{EAA30B5E-DE36-4504-8177-A673D155B2E8}.Release|Any CPU.Build.0 = Release|Any CPU
	EndGlobalSection
	GlobalSection(SolutionProperties) = preSolution
		HideSolutionNode = FALSE
	EndGlobalSection
	GlobalSection(ExtensibilityGlobals) = postSolution
		SolutionGuid = {77710815-06AC-4D34-B33B-0F5DF8326F63}
	EndGlobalSection
EndGlobal
